Microsoft Visual Studio Solution File, Format Version 12.00
# Visual Studio Version 17
VisualStudioVersion = 17.5.2.0
MinimumVisualStudioVersion = 10.0.40219.1
Project("{FAE04EC0-301F-11D3-BF4B-00C04F79EFBC}") = "Calibrate", "Calibrate.csproj", "{7AE3DAE2-B73D-A331-56AC-B8DAD1986C6D}"
EndProject
Global
	GlobalSection(SolutionConfigurationPlatforms) = preSolution
		Debug|Any CPU = Debug|Any CPU
		Release|Any CPU = Release|Any CPU
	EndGlobalSection
	GlobalSection(ProjectConfigurationPlatforms) = postSolution
		{7AE3DAE2-B73D-A331-56AC-B8DAD1986C6D}.Debug|Any CPU.ActiveCfg = Debug|Any CPU
		{7AE3DAE2-B73D-A331-56AC-B8DAD1986C6D}.Debug|Any CPU.Build.0 = Debug|Any CPU
		{7AE3DAE2-B73D-A331-56AC-B8DAD1986C6D}.Release|Any CPU.ActiveCfg = Release|Any CPU
		{7AE3DAE2-B73D-A331-56AC-B8DAD1986C6D}.Release|Any CPU.Build.0 = Release|Any CPU
	EndGlobalSection
	GlobalSection(SolutionProperties) = preSolution
		HideSolutionNode = FALSE
	EndGlobalSection
	GlobalSection(ExtensibilityGlobals) = postSolution
		SolutionGuid = {A4D8AA74-AD10-44AE-ADB9-D1F72BC9CAC9}
	EndGlobalSection
EndGlobal
